
Microsoft Visual Studio Solution File, Format Version 12.00
# Visual Studio 15
VisualStudioVersion = 15.0.28010.2050
MinimumVisualStudioVersion = 10.0.40219.1
Project("{FAE04EC0-301F-11D3-BF4B-00C04F79EFBC}") = "PARA NOMBRADOS OPCIONALES", "PARA NOMBRADOS OPCIONALES\PARA NOMBRADOS OPCIONALES.csproj", "{2E301224-3303-4921-95FE-0671F111D5E3}"
EndProject
Global
	GlobalSection(SolutionConfigurationPlatforms) = preSolution
		Debug|Any CPU = Debug|Any CPU
		Release|Any CPU = Release|Any CPU
	EndGlobalSection
	GlobalSection(ProjectConfigurationPlatforms) = postSolution
		{2E301224-3303-4921-95FE-0671F111D5E3}.Debug|Any CPU.ActiveCfg = Debug|Any CPU
		{2E301224-3303-4921-95FE-0671F111D5E3}.Debug|Any CPU.Build.0 = Debug|Any CPU
		{2E301224-3303-4921-95FE-0671F111D5E3}.Release|Any CPU.ActiveCfg = Release|Any CPU
		{2E301224-3303-4921-95FE-0671F111D5E3}.Release|Any CPU.Build.0 = Release|Any CPU
	EndGlobalSection
	GlobalSection(SolutionProperties) = preSolution
		HideSolutionNode = FALSE
	EndGlobalSection
	GlobalSection(ExtensibilityGlobals) = postSolution
		SolutionGuid = {A33CFC00-DEE0-4CC5-AA5D-8B91FD782668}
	EndGlobalSection
EndGlobal
