
Microsoft Visual Studio Solution File, Format Version 12.00
# Visual Studio Version 16
VisualStudioVersion = 16.0.28922.388
MinimumVisualStudioVersion = 10.0.40219.1
Project("{FAE04EC0-301F-11D3-BF4B-00C04F79EFBC}") = "TaTeTi Server", "TaTeTi Grafico\TaTeTi Server.csproj", "{81F135EE-04DF-480B-9DEF-68A4ACAB0BB7}"
EndProject
Project("{FAE04EC0-301F-11D3-BF4B-00C04F79EFBC}") = "TaTeTi Cliente", "TaTeTi Cliente\TaTeTi Cliente.csproj", "{397CC9CE-22D5-4CF0-B763-14945BA962C9}"
EndProject
Global
	GlobalSection(SolutionConfigurationPlatforms) = preSolution
		Debug|Any CPU = Debug|Any CPU
		Release|Any CPU = Release|Any CPU
	EndGlobalSection
	GlobalSection(ProjectConfigurationPlatforms) = postSolution
		{81F135EE-04DF-480B-9DEF-68A4ACAB0BB7}.Debug|Any CPU.ActiveCfg = Debug|Any CPU
		{81F135EE-04DF-480B-9DEF-68A4ACAB0BB7}.Debug|Any CPU.Build.0 = Debug|Any CPU
		{81F135EE-04DF-480B-9DEF-68A4ACAB0BB7}.Release|Any CPU.ActiveCfg = Release|Any CPU
		{81F135EE-04DF-480B-9DEF-68A4ACAB0BB7}.Release|Any CPU.Build.0 = Release|Any CPU
		{397CC9CE-22D5-4CF0-B763-14945BA962C9}.Debug|Any CPU.ActiveCfg = Debug|Any CPU
		{397CC9CE-22D5-4CF0-B763-14945BA962C9}.Debug|Any CPU.Build.0 = Debug|Any CPU
		{397CC9CE-22D5-4CF0-B763-14945BA962C9}.Release|Any CPU.ActiveCfg = Release|Any CPU
		{397CC9CE-22D5-4CF0-B763-14945BA962C9}.Release|Any CPU.Build.0 = Release|Any CPU
	EndGlobalSection
	GlobalSection(SolutionProperties) = preSolution
		HideSolutionNode = FALSE
	EndGlobalSection
	GlobalSection(ExtensibilityGlobals) = postSolution
		SolutionGuid = {8CF5A061-6428-4A90-A8B2-C1559CFA9B47}
	EndGlobalSection
EndGlobal
