
Microsoft Visual Studio Solution File, Format Version 12.00
# Visual Studio 15
VisualStudioVersion = 15.0.28010.2050
MinimumVisualStudioVersion = 10.0.40219.1
Project("{FAE04EC0-301F-11D3-BF4B-00C04F79EFBC}") = "controlesdinamicos", "controlesdinamicos\controlesdinamicos.csproj", "{A502E639-F55F-456A-9E34-F4CEC277BAE0}"
EndProject
Global
	GlobalSection(SolutionConfigurationPlatforms) = preSolution
		Debug|Any CPU = Debug|Any CPU
		Release|Any CPU = Release|Any CPU
	EndGlobalSection
	GlobalSection(ProjectConfigurationPlatforms) = postSolution
		{A502E639-F55F-456A-9E34-F4CEC277BAE0}.Debug|Any CPU.ActiveCfg = Debug|Any CPU
		{A502E639-F55F-456A-9E34-F4CEC277BAE0}.Debug|Any CPU.Build.0 = Debug|Any CPU
		{A502E639-F55F-456A-9E34-F4CEC277BAE0}.Release|Any CPU.ActiveCfg = Release|Any CPU
		{A502E639-F55F-456A-9E34-F4CEC277BAE0}.Release|Any CPU.Build.0 = Release|Any CPU
	EndGlobalSection
	GlobalSection(SolutionProperties) = preSolution
		HideSolutionNode = FALSE
	EndGlobalSection
	GlobalSection(ExtensibilityGlobals) = postSolution
		SolutionGuid = {185D5188-1FDA-41A2-B866-90F528256880}
	EndGlobalSection
EndGlobal
