
Microsoft Visual Studio Solution File, Format Version 12.00
# Visual Studio Version 16
VisualStudioVersion = 16.0.29306.81
MinimumVisualStudioVersion = 10.0.40219.1
Project("{FAE04EC0-301F-11D3-BF4B-00C04F79EFBC}") = "VISTA", "VISTA\VISTA.csproj", "{D6EA3A68-70AD-4AF4-843C-21C6B90BCC57}"
EndProject
Project("{FAE04EC0-301F-11D3-BF4B-00C04F79EFBC}") = "CONTROLADORES", "CONTROLADORES\CONTROLADORES.csproj", "{8808DFD5-C36F-466E-902C-E8D82A618C25}"
EndProject
Project("{FAE04EC0-301F-11D3-BF4B-00C04F79EFBC}") = "NEGOCIO", "NEGOCIO\NEGOCIO.csproj", "{7F976BB3-3804-4F25-986D-12AEB0E609B2}"
EndProject
Project("{FAE04EC0-301F-11D3-BF4B-00C04F79EFBC}") = "MAPPERS", "MAPPERS\MAPPERS.csproj", "{FF4EE83B-F057-405B-ACEE-80FC5C171696}"
EndProject
Project("{FAE04EC0-301F-11D3-BF4B-00C04F79EFBC}") = "ACCESO_DATOS", "ACCESO_DATOS\ACCESO_DATOS.csproj", "{005BC2D1-8873-4A1C-B208-1121BAB57A42}"
EndProject
Project("{FAE04EC0-301F-11D3-BF4B-00C04F79EFBC}") = "INTERFACES", "INTERFACES\INTERFACES.csproj", "{C198DAE7-EE60-4A24-A234-22E617668D9F}"
EndProject
Project("{FAE04EC0-301F-11D3-BF4B-00C04F79EFBC}") = "ENTIDADES", "ENTIDADES\ENTIDADES.csproj", "{60F4EE8B-3CFD-4404-884A-ADE16AA3E469}"
EndProject
Global
	GlobalSection(SolutionConfigurationPlatforms) = preSolution
		Debug|Any CPU = Debug|Any CPU
		Release|Any CPU = Release|Any CPU
	EndGlobalSection
	GlobalSection(ProjectConfigurationPlatforms) = postSolution
		{D6EA3A68-70AD-4AF4-843C-21C6B90BCC57}.Debug|Any CPU.ActiveCfg = Debug|Any CPU
		{D6EA3A68-70AD-4AF4-843C-21C6B90BCC57}.Debug|Any CPU.Build.0 = Debug|Any CPU
		{D6EA3A68-70AD-4AF4-843C-21C6B90BCC57}.Release|Any CPU.ActiveCfg = Release|Any CPU
		{D6EA3A68-70AD-4AF4-843C-21C6B90BCC57}.Release|Any CPU.Build.0 = Release|Any CPU
		{8808DFD5-C36F-466E-902C-E8D82A618C25}.Debug|Any CPU.ActiveCfg = Debug|Any CPU
		{8808DFD5-C36F-466E-902C-E8D82A618C25}.Debug|Any CPU.Build.0 = Debug|Any CPU
		{8808DFD5-C36F-466E-902C-E8D82A618C25}.Release|Any CPU.ActiveCfg = Release|Any CPU
		{8808DFD5-C36F-466E-902C-E8D82A618C25}.Release|Any CPU.Build.0 = Release|Any CPU
		{7F976BB3-3804-4F25-986D-12AEB0E609B2}.Debug|Any CPU.ActiveCfg = Debug|Any CPU
		{7F976BB3-3804-4F25-986D-12AEB0E609B2}.Debug|Any CPU.Build.0 = Debug|Any CPU
		{7F976BB3-3804-4F25-986D-12AEB0E609B2}.Release|Any CPU.ActiveCfg = Release|Any CPU
		{7F976BB3-3804-4F25-986D-12AEB0E609B2}.Release|Any CPU.Build.0 = Release|Any CPU
		{FF4EE83B-F057-405B-ACEE-80FC5C171696}.Debug|Any CPU.ActiveCfg = Debug|Any CPU
		{FF4EE83B-F057-405B-ACEE-80FC5C171696}.Debug|Any CPU.Build.0 = Debug|Any CPU
		{FF4EE83B-F057-405B-ACEE-80FC5C171696}.Release|Any CPU.ActiveCfg = Release|Any CPU
		{FF4EE83B-F057-405B-ACEE-80FC5C171696}.Release|Any CPU.Build.0 = Release|Any CPU
		{005BC2D1-8873-4A1C-B208-1121BAB57A42}.Debug|Any CPU.ActiveCfg = Debug|Any CPU
		{005BC2D1-8873-4A1C-B208-1121BAB57A42}.Debug|Any CPU.Build.0 = Debug|Any CPU
		{005BC2D1-8873-4A1C-B208-1121BAB57A42}.Release|Any CPU.ActiveCfg = Release|Any CPU
		{005BC2D1-8873-4A1C-B208-1121BAB57A42}.Release|Any CPU.Build.0 = Release|Any CPU
		{C198DAE7-EE60-4A24-A234-22E617668D9F}.Debug|Any CPU.ActiveCfg = Debug|Any CPU
		{C198DAE7-EE60-4A24-A234-22E617668D9F}.Debug|Any CPU.Build.0 = Debug|Any CPU
		{C198DAE7-EE60-4A24-A234-22E617668D9F}.Release|Any CPU.ActiveCfg = Release|Any CPU
		{C198DAE7-EE60-4A24-A234-22E617668D9F}.Release|Any CPU.Build.0 = Release|Any CPU
		{60F4EE8B-3CFD-4404-884A-ADE16AA3E469}.Debug|Any CPU.ActiveCfg = Debug|Any CPU
		{60F4EE8B-3CFD-4404-884A-ADE16AA3E469}.Debug|Any CPU.Build.0 = Debug|Any CPU
		{60F4EE8B-3CFD-4404-884A-ADE16AA3E469}.Release|Any CPU.ActiveCfg = Release|Any CPU
		{60F4EE8B-3CFD-4404-884A-ADE16AA3E469}.Release|Any CPU.Build.0 = Release|Any CPU
	EndGlobalSection
	GlobalSection(SolutionProperties) = preSolution
		HideSolutionNode = FALSE
	EndGlobalSection
	GlobalSection(ExtensibilityGlobals) = postSolution
		SolutionGuid = {943CA556-CDD9-4442-B80E-F7516141FBCF}
	EndGlobalSection
EndGlobal
