
Microsoft Visual Studio Solution File, Format Version 12.00
# Visual Studio 14
VisualStudioVersion = 14.0.25420.1
MinimumVisualStudioVersion = 10.0.40219.1
Project("{FAE04EC0-301F-11D3-BF4B-00C04F79EFBC}") = "ADO desconectado", "ADO desconectado\ADO desconectado.csproj", "{64FAD745-7DB8-4582-BDA9-214AC106C7D3}"
EndProject
Project("{FAE04EC0-301F-11D3-BF4B-00C04F79EFBC}") = "ADO desconectado persona", "D:\Documents\POO-LUG-2019-master\POO-LUG-2019-master\160 ADO desconectado\WindowsFormsApplication1\ADO desconectado persona.csproj", "{807B0ACD-9574-45CD-9050-C5E3F9E6C383}"
EndProject
Global
	GlobalSection(SolutionConfigurationPlatforms) = preSolution
		Debug|Any CPU = Debug|Any CPU
		Release|Any CPU = Release|Any CPU
	EndGlobalSection
	GlobalSection(ProjectConfigurationPlatforms) = postSolution
		{64FAD745-7DB8-4582-BDA9-214AC106C7D3}.Debug|Any CPU.ActiveCfg = Debug|Any CPU
		{64FAD745-7DB8-4582-BDA9-214AC106C7D3}.Debug|Any CPU.Build.0 = Debug|Any CPU
		{64FAD745-7DB8-4582-BDA9-214AC106C7D3}.Release|Any CPU.ActiveCfg = Release|Any CPU
		{64FAD745-7DB8-4582-BDA9-214AC106C7D3}.Release|Any CPU.Build.0 = Release|Any CPU
		{807B0ACD-9574-45CD-9050-C5E3F9E6C383}.Debug|Any CPU.ActiveCfg = Debug|Any CPU
		{807B0ACD-9574-45CD-9050-C5E3F9E6C383}.Debug|Any CPU.Build.0 = Debug|Any CPU
		{807B0ACD-9574-45CD-9050-C5E3F9E6C383}.Release|Any CPU.ActiveCfg = Release|Any CPU
		{807B0ACD-9574-45CD-9050-C5E3F9E6C383}.Release|Any CPU.Build.0 = Release|Any CPU
	EndGlobalSection
	GlobalSection(SolutionProperties) = preSolution
		HideSolutionNode = FALSE
	EndGlobalSection
	GlobalSection(ExtensibilityGlobals) = postSolution
		SolutionGuid = {8B07680E-4A98-432E-868B-3983F2DBB1DA}
	EndGlobalSection
EndGlobal
