
Microsoft Visual Studio Solution File, Format Version 12.00
# Visual Studio 15
VisualStudioVersion = 15.0.28010.2050
MinimumVisualStudioVersion = 10.0.40219.1
Project("{FAE04EC0-301F-11D3-BF4B-00C04F79EFBC}") = "dictionary", "dictionary\dictionary.csproj", "{562A479B-EF5B-4CC8-B950-9EAD5B6EF795}"
EndProject
Global
	GlobalSection(SolutionConfigurationPlatforms) = preSolution
		Debug|Any CPU = Debug|Any CPU
		Release|Any CPU = Release|Any CPU
	EndGlobalSection
	GlobalSection(ProjectConfigurationPlatforms) = postSolution
		{562A479B-EF5B-4CC8-B950-9EAD5B6EF795}.Debug|Any CPU.ActiveCfg = Debug|Any CPU
		{562A479B-EF5B-4CC8-B950-9EAD5B6EF795}.Debug|Any CPU.Build.0 = Debug|Any CPU
		{562A479B-EF5B-4CC8-B950-9EAD5B6EF795}.Release|Any CPU.ActiveCfg = Release|Any CPU
		{562A479B-EF5B-4CC8-B950-9EAD5B6EF795}.Release|Any CPU.Build.0 = Release|Any CPU
	EndGlobalSection
	GlobalSection(SolutionProperties) = preSolution
		HideSolutionNode = FALSE
	EndGlobalSection
	GlobalSection(ExtensibilityGlobals) = postSolution
		SolutionGuid = {47F606F4-D401-4BA6-87CC-99BB56DA6D65}
	EndGlobalSection
EndGlobal
