
Microsoft Visual Studio Solution File, Format Version 12.00
# Visual Studio Version 16
VisualStudioVersion = 16.0.29306.81
MinimumVisualStudioVersion = 10.0.40219.1
Project("{FAE04EC0-301F-11D3-BF4B-00C04F79EFBC}") = "VISTA", "VISTA\VISTA.csproj", "{CE66A22F-D331-40EA-A55E-13DE13A45723}"
EndProject
Project("{FAE04EC0-301F-11D3-BF4B-00C04F79EFBC}") = "CONTROLADOR", "CONTROLADOR\CONTROLADOR.csproj", "{A049B734-BC68-4706-A620-E7B7535F978C}"
EndProject
Project("{FAE04EC0-301F-11D3-BF4B-00C04F79EFBC}") = "MODELO", "MODELO\MODELO.csproj", "{6B75AF05-8650-41A4-8C4D-C1B96A6F2388}"
EndProject
Global
	GlobalSection(SolutionConfigurationPlatforms) = preSolution
		Debug|Any CPU = Debug|Any CPU
		Release|Any CPU = Release|Any CPU
	EndGlobalSection
	GlobalSection(ProjectConfigurationPlatforms) = postSolution
		{CE66A22F-D331-40EA-A55E-13DE13A45723}.Debug|Any CPU.ActiveCfg = Debug|Any CPU
		{CE66A22F-D331-40EA-A55E-13DE13A45723}.Debug|Any CPU.Build.0 = Debug|Any CPU
		{CE66A22F-D331-40EA-A55E-13DE13A45723}.Release|Any CPU.ActiveCfg = Release|Any CPU
		{CE66A22F-D331-40EA-A55E-13DE13A45723}.Release|Any CPU.Build.0 = Release|Any CPU
		{A049B734-BC68-4706-A620-E7B7535F978C}.Debug|Any CPU.ActiveCfg = Debug|Any CPU
		{A049B734-BC68-4706-A620-E7B7535F978C}.Debug|Any CPU.Build.0 = Debug|Any CPU
		{A049B734-BC68-4706-A620-E7B7535F978C}.Release|Any CPU.ActiveCfg = Release|Any CPU
		{A049B734-BC68-4706-A620-E7B7535F978C}.Release|Any CPU.Build.0 = Release|Any CPU
		{6B75AF05-8650-41A4-8C4D-C1B96A6F2388}.Debug|Any CPU.ActiveCfg = Debug|Any CPU
		{6B75AF05-8650-41A4-8C4D-C1B96A6F2388}.Debug|Any CPU.Build.0 = Debug|Any CPU
		{6B75AF05-8650-41A4-8C4D-C1B96A6F2388}.Release|Any CPU.ActiveCfg = Release|Any CPU
		{6B75AF05-8650-41A4-8C4D-C1B96A6F2388}.Release|Any CPU.Build.0 = Release|Any CPU
	EndGlobalSection
	GlobalSection(SolutionProperties) = preSolution
		HideSolutionNode = FALSE
	EndGlobalSection
	GlobalSection(ExtensibilityGlobals) = postSolution
		SolutionGuid = {B5351210-1A6A-450F-992A-25ABA42696F9}
	EndGlobalSection
EndGlobal
