
Microsoft Visual Studio Solution File, Format Version 12.00
# Visual Studio Version 16
VisualStudioVersion = 16.0.29215.179
MinimumVisualStudioVersion = 10.0.40219.1
Project("{FAE04EC0-301F-11D3-BF4B-00C04F79EFBC}") = "161_ADO_DATA_ADAPTER", "161_ADO_DATA_ADAPTER\161_ADO_DATA_ADAPTER.csproj", "{D3B71961-5304-4314-AA66-011A88D4EDF4}"
EndProject
Global
	GlobalSection(SolutionConfigurationPlatforms) = preSolution
		Debug|Any CPU = Debug|Any CPU
		Release|Any CPU = Release|Any CPU
	EndGlobalSection
	GlobalSection(ProjectConfigurationPlatforms) = postSolution
		{D3B71961-5304-4314-AA66-011A88D4EDF4}.Debug|Any CPU.ActiveCfg = Debug|Any CPU
		{D3B71961-5304-4314-AA66-011A88D4EDF4}.Debug|Any CPU.Build.0 = Debug|Any CPU
		{D3B71961-5304-4314-AA66-011A88D4EDF4}.Release|Any CPU.ActiveCfg = Release|Any CPU
		{D3B71961-5304-4314-AA66-011A88D4EDF4}.Release|Any CPU.Build.0 = Release|Any CPU
	EndGlobalSection
	GlobalSection(SolutionProperties) = preSolution
		HideSolutionNode = FALSE
	EndGlobalSection
	GlobalSection(ExtensibilityGlobals) = postSolution
		SolutionGuid = {4C744754-769E-4820-BE4B-C50CC85A6A3B}
	EndGlobalSection
EndGlobal
