
Microsoft Visual Studio Solution File, Format Version 12.00
# Visual Studio 15
VisualStudioVersion = 15.0.28010.2050
MinimumVisualStudioVersion = 10.0.40219.1
Project("{FAE04EC0-301F-11D3-BF4B-00C04F79EFBC}") = "exepciones multiples", "exepciones multiples\exepciones multiples.csproj", "{A3645958-0526-4BC3-B4B7-C2E04B861D9C}"
EndProject
Global
	GlobalSection(SolutionConfigurationPlatforms) = preSolution
		Debug|Any CPU = Debug|Any CPU
		Release|Any CPU = Release|Any CPU
	EndGlobalSection
	GlobalSection(ProjectConfigurationPlatforms) = postSolution
		{A3645958-0526-4BC3-B4B7-C2E04B861D9C}.Debug|Any CPU.ActiveCfg = Debug|Any CPU
		{A3645958-0526-4BC3-B4B7-C2E04B861D9C}.Debug|Any CPU.Build.0 = Debug|Any CPU
		{A3645958-0526-4BC3-B4B7-C2E04B861D9C}.Release|Any CPU.ActiveCfg = Release|Any CPU
		{A3645958-0526-4BC3-B4B7-C2E04B861D9C}.Release|Any CPU.Build.0 = Release|Any CPU
	EndGlobalSection
	GlobalSection(SolutionProperties) = preSolution
		HideSolutionNode = FALSE
	EndGlobalSection
	GlobalSection(ExtensibilityGlobals) = postSolution
		SolutionGuid = {258437F7-A3AA-40CA-986A-C9A849C37308}
	EndGlobalSection
EndGlobal
