
Microsoft Visual Studio Solution File, Format Version 12.00
# Visual Studio Version 16
VisualStudioVersion = 16.0.28803.202
MinimumVisualStudioVersion = 10.0.40219.1
Project("{FAE04EC0-301F-11D3-BF4B-00C04F79EFBC}") = "client", "client\client.csproj", "{0966903F-136A-483F-99C6-7337C2ED7BEE}"
EndProject
Global
	GlobalSection(SolutionConfigurationPlatforms) = preSolution
		Debug|Any CPU = Debug|Any CPU
		Release|Any CPU = Release|Any CPU
	EndGlobalSection
	GlobalSection(ProjectConfigurationPlatforms) = postSolution
		{0966903F-136A-483F-99C6-7337C2ED7BEE}.Debug|Any CPU.ActiveCfg = Debug|Any CPU
		{0966903F-136A-483F-99C6-7337C2ED7BEE}.Debug|Any CPU.Build.0 = Debug|Any CPU
		{0966903F-136A-483F-99C6-7337C2ED7BEE}.Release|Any CPU.ActiveCfg = Release|Any CPU
		{0966903F-136A-483F-99C6-7337C2ED7BEE}.Release|Any CPU.Build.0 = Release|Any CPU
	EndGlobalSection
	GlobalSection(SolutionProperties) = preSolution
		HideSolutionNode = FALSE
	EndGlobalSection
	GlobalSection(ExtensibilityGlobals) = postSolution
		SolutionGuid = {D2306080-6B64-4D4B-A748-61D99A47EF25}
	EndGlobalSection
EndGlobal
