
Microsoft Visual Studio Solution File, Format Version 12.00
# Visual Studio 15
VisualStudioVersion = 15.0.28010.2050
MinimumVisualStudioVersion = 10.0.40219.1
Project("{FAE04EC0-301F-11D3-BF4B-00C04F79EFBC}") = "SINTAXIS FLUIDA", "SINTAXIS FLUIDA\SINTAXIS FLUIDA.csproj", "{148D47A9-E4D9-4BF3-9AC5-8EA0D6BE0D3C}"
EndProject
Global
	GlobalSection(SolutionConfigurationPlatforms) = preSolution
		Debug|Any CPU = Debug|Any CPU
		Release|Any CPU = Release|Any CPU
	EndGlobalSection
	GlobalSection(ProjectConfigurationPlatforms) = postSolution
		{148D47A9-E4D9-4BF3-9AC5-8EA0D6BE0D3C}.Debug|Any CPU.ActiveCfg = Debug|Any CPU
		{148D47A9-E4D9-4BF3-9AC5-8EA0D6BE0D3C}.Debug|Any CPU.Build.0 = Debug|Any CPU
		{148D47A9-E4D9-4BF3-9AC5-8EA0D6BE0D3C}.Release|Any CPU.ActiveCfg = Release|Any CPU
		{148D47A9-E4D9-4BF3-9AC5-8EA0D6BE0D3C}.Release|Any CPU.Build.0 = Release|Any CPU
	EndGlobalSection
	GlobalSection(SolutionProperties) = preSolution
		HideSolutionNode = FALSE
	EndGlobalSection
	GlobalSection(ExtensibilityGlobals) = postSolution
		SolutionGuid = {3F869CFF-A655-448C-98A7-F8E75AD5F019}
	EndGlobalSection
EndGlobal
