
Microsoft Visual Studio Solution File, Format Version 12.00
# Visual Studio 15
VisualStudioVersion = 15.0.28010.2050
MinimumVisualStudioVersion = 10.0.40219.1
Project("{FAE04EC0-301F-11D3-BF4B-00C04F79EFBC}") = "VIRTUAL Y OVERRIDE", "VIRTUAL Y OVERRIDE\VIRTUAL Y OVERRIDE.csproj", "{0772A630-99B0-43D7-8FDE-0DA49B68D4FB}"
EndProject
Global
	GlobalSection(SolutionConfigurationPlatforms) = preSolution
		Debug|Any CPU = Debug|Any CPU
		Release|Any CPU = Release|Any CPU
	EndGlobalSection
	GlobalSection(ProjectConfigurationPlatforms) = postSolution
		{0772A630-99B0-43D7-8FDE-0DA49B68D4FB}.Debug|Any CPU.ActiveCfg = Debug|Any CPU
		{0772A630-99B0-43D7-8FDE-0DA49B68D4FB}.Debug|Any CPU.Build.0 = Debug|Any CPU
		{0772A630-99B0-43D7-8FDE-0DA49B68D4FB}.Release|Any CPU.ActiveCfg = Release|Any CPU
		{0772A630-99B0-43D7-8FDE-0DA49B68D4FB}.Release|Any CPU.Build.0 = Release|Any CPU
	EndGlobalSection
	GlobalSection(SolutionProperties) = preSolution
		HideSolutionNode = FALSE
	EndGlobalSection
	GlobalSection(ExtensibilityGlobals) = postSolution
		SolutionGuid = {1C0BF313-B989-4C47-B7EC-4A5B059F53A8}
	EndGlobalSection
EndGlobal
