
Microsoft Visual Studio Solution File, Format Version 12.00
# Visual Studio Version 16
VisualStudioVersion = 16.0.29306.81
MinimumVisualStudioVersion = 10.0.40219.1
Project("{FAE04EC0-301F-11D3-BF4B-00C04F79EFBC}") = "Regex-ControlUser", "Regex-ControlUser\Regex-ControlUser.csproj", "{05121F45-DFAA-4BC2-AA18-7ACDECDEE4A4}"
EndProject
Global
	GlobalSection(SolutionConfigurationPlatforms) = preSolution
		Debug|Any CPU = Debug|Any CPU
		Release|Any CPU = Release|Any CPU
	EndGlobalSection
	GlobalSection(ProjectConfigurationPlatforms) = postSolution
		{05121F45-DFAA-4BC2-AA18-7ACDECDEE4A4}.Debug|Any CPU.ActiveCfg = Debug|Any CPU
		{05121F45-DFAA-4BC2-AA18-7ACDECDEE4A4}.Debug|Any CPU.Build.0 = Debug|Any CPU
		{05121F45-DFAA-4BC2-AA18-7ACDECDEE4A4}.Release|Any CPU.ActiveCfg = Release|Any CPU
		{05121F45-DFAA-4BC2-AA18-7ACDECDEE4A4}.Release|Any CPU.Build.0 = Release|Any CPU
	EndGlobalSection
	GlobalSection(SolutionProperties) = preSolution
		HideSolutionNode = FALSE
	EndGlobalSection
	GlobalSection(ExtensibilityGlobals) = postSolution
		SolutionGuid = {0221440C-A7C0-43AD-9863-7203C7F98FEA}
	EndGlobalSection
EndGlobal
